PODS:
  - SwiftGen (6.4.0)
  - SwiftLint (0.41.0)

DEPENDENCIES:
  - SwiftGen
  - SwiftLint

SPEC REPOS:
  trunk:
    - SwiftGen
    - SwiftLint

SPEC CHECKSUMS:
  SwiftGen: 67860cc7c3cfc2ed25b9b74cfd55495fc89f9108
  SwiftLint: c585ebd615d9520d7fbdbe151f527977b0534f1e

PODFILE CHECKSUM: 2d9ad8f66c08724e7074ec8c5167a74c40a7fecd

COCOAPODS: 1.10.0
